// !$*UTF8*$!
{
	archiveVersion = 1;
	classes = {
	};
	objectVersion = 46;
	objects = {

/* Begin PBXBuildFile section */
		DAA33073175DC0DC00DEB48A /* UIKit.framework in Frameworks */ = {isa = PBXBuildFile; fileRef = DAA33072175DC0DC00DEB48A /* UIKit.framework */; };
		DAA33075175DC0DC00DEB48A /* Foundation.framework in Frameworks */ = {isa = PBXBuildFile; fileRef = DAA33074175DC0DC00DEB48A /* Foundation.framework */; };
		DAA33077175DC0DC00DEB48A /* CoreGraphics.framework in Frameworks */ = {isa = PBXBuildFile; fileRef = DAA33076175DC0DC00DEB48A /* CoreGraphics.framework */; };
		DAA3307D175DC0DC00DEB48A /* InfoPlist.strings in Resources */ = {isa = PBXBuildFile; fileRef = DAA3307B175DC0DC00DEB48A /* InfoPlist.strings */; };
		DAA3307F175DC0DC00DEB48A /* main.m in Sources */ = {isa = PBXBuildFile; fileRef = DAA3307E175DC0DC00DEB48A /* main.m */; };
		DAA33083175DC0DC00DEB48A /* AppDelegate.m in Sources */ = {isa = PBXBuildFile; fileRef = DAA33082175DC0DC00DEB48A /* AppDelegate.m */; };
		DAA33085175DC0DD00DEB48A /* Default.png in Resources */ = {isa = PBXBuildFile; fileRef = DAA33084175DC0DC00DEB48A /* Default.png */; };
		DAA33087175DC0DD00DEB48A /* Default@2x.png in Resources */ = {isa = PBXBuildFile; fileRef = DAA33086175DC0DD00DEB48A /* Default@2x.png */; };
		DAA33089175DC0DD00DEB48A /* Default-568h@2x.png in Resources */ = {isa = PBXBuildFile; fileRef = DAA33088175DC0DD00DEB48A /* Default-568h@2x.png */; };
		DAA3308C175DC0DD00DEB48A /* MasterViewController.m in Sources */ = {isa = PBXBuildFile; fileRef = DAA3308B175DC0DD00DEB48A /* MasterViewController.m */; };
		DAA3308F175DC0DD00DEB48A /* DetailViewController.m in Sources */ = {isa = PBXBuildFile; fileRef = DAA3308E175DC0DD00DEB48A /* DetailViewController.m */; };
		DAA33092175DC0DD00DEB48A /* MasterViewController.xib in Resources */ = {isa = PBXBuildFile; fileRef = DAA33090175DC0DD00DEB48A /* MasterViewController.xib */; };
		DAA33095175DC0DD00DEB48A /* DetailViewController.xib in Resources */ = {isa = PBXBuildFile; fileRef = DAA33093175DC0DD00DEB48A /* DetailViewController.xib */; };
		DAA330A3175DCD5B00DEB48A /* Vegetable.m in Sources */ = {isa = PBXBuildFile; fileRef = DAA330A2175DCD5B00DEB48A /* Vegetable.m */; };
/* End PBXBuildFile section */

/* Begin PBXFileReference section */
		DAA3306F175DC0DC00DEB48A /* timetravel.app */ = {isa = PBXFileReference; explicitFileType = wrapper.application; includeInIndex = 0; path = timetravel.app; sourceTree = BUILT_PRODUCTS_DIR; };
		DAA33072175DC0DC00DEB48A /* UIKit.framework */ = {isa = PBXFileReference; lastKnownFileType = wrapper.framework; name = UIKit.framework; path = System/Library/Frameworks/UIKit.framework; sourceTree = SDKROOT; };
		DAA33074175DC0DC00DEB48A /* Foundation.framework */ = {isa = PBXFileReference; lastKnownFileType = wrapper.framework; name = Foundation.framework; path = System/Library/Frameworks/Foundation.framework; sourceTree = SDKROOT; };
		DAA33076175DC0DC00DEB48A /* CoreGraphics.framework */ = {isa = PBXFileReference; lastKnownFileType = wrapper.framework; name = CoreGraphics.framework; path = System/Library/Frameworks/CoreGraphics.framework; sourceTree = SDKROOT; };
		DAA3307A175DC0DC00DEB48A /* timetravel-Info.plist */ = {isa = PBXFileReference; lastKnownFileType = text.plist.xml; path = "timetravel-Info.plist"; sourceTree = "<group>"; };
		DAA3307C175DC0DC00DEB48A /* en */ = {isa = PBXFileReference; lastKnownFileType = text.plist.strings; name = en; path = en.lproj/InfoPlist.strings; sourceTree = "<group>"; };
		DAA3307E175DC0DC00DEB48A /* main.m */ = {isa = PBXFileReference; lastKnownFileType = sourcecode.c.objc; path = main.m; sourceTree = "<group>"; };
		DAA33080175DC0DC00DEB48A /* timetravel-Prefix.pch */ = {isa = PBXFileReference; lastKnownFileType = sourcecode.c.h; path = "timetravel-Prefix.pch"; sourceTree = "<group>"; };
		DAA33081175DC0DC00DEB48A /* AppDelegate.h */ = {isa = PBXFileReference; lastKnownFileType = sourcecode.c.h; path = AppDelegate.h; sourceTree = "<group>"; };
		DAA33082175DC0DC00DEB48A /* AppDelegate.m */ = {isa = PBXFileReference; lastKnownFileType = sourcecode.c.objc; path = AppDelegate.m; sourceTree = "<group>"; };
		DAA33084175DC0DC00DEB48A /* Default.png */ = {isa = PBXFileReference; lastKnownFileType = image.png; path = Default.png; sourceTree = "<group>"; };
		DAA33086175DC0DD00DEB48A /* Default@2x.png */ = {isa = PBXFileReference; lastKnownFileType = image.png; path = "Default@2x.png"; sourceTree = "<group>"; };
		DAA33088175DC0DD00DEB48A /* Default-568h@2x.png */ = {isa = PBXFileReference; lastKnownFileType = image.png; path = "Default-568h@2x.png"; sourceTree = "<group>"; };
		DAA3308A175DC0DD00DEB48A /* MasterViewController.h */ = {isa = PBXFileReference; lastKnownFileType = sourcecode.c.h; path = MasterViewController.h; sourceTree = "<group>"; };
		DAA3308B175DC0DD00DEB48A /* MasterViewController.m */ = {isa = PBXFileReference; lastKnownFileType = sourcecode.c.objc; path = MasterViewController.m; sourceTree = "<group>"; };
		DAA3308D175DC0DD00DEB48A /* DetailViewController.h */ = {isa = PBXFileReference; lastKnownFileType = sourcecode.c.h; path = DetailViewController.h; sourceTree = "<group>"; };
		DAA3308E175DC0DD00DEB48A /* DetailViewController.m */ = {isa = PBXFileReference; lastKnownFileType = sourcecode.c.objc; path = DetailViewController.m; sourceTree = "<group>"; };
		DAA33091175DC0DD00DEB48A /* en */ = {isa = PBXFileReference; lastKnownFileType = file.xib; name = en; path = en.lproj/MasterViewController.xib; sourceTree = "<group>"; };
		DAA33094175DC0DD00DEB48A /* en */ = {isa = PBXFileReference; lastKnownFileType = file.xib; name = en; path = en.lproj/DetailViewController.xib; sourceTree = "<group>"; };
		DAA330A1175DCD5B00DEB48A /* Vegetable.h */ = {isa = PBXFileReference; fileEncoding = 4; lastKnownFileType = sourcecode.c.h; path = Vegetable.h; sourceTree = "<group>"; };
		DAA330A2175DCD5B00DEB48A /* Vegetable.m */ = {isa = PBXFileReference; fileEncoding = 4; lastKnownFileType = sourcecode.c.objc; path = Vegetable.m; sourceTree = "<group>"; };
/* End PBXFileReference section */

/* Begin PBXFrameworksBuildPhase section */
		DAA3306C175DC0DC00DEB48A /* Frameworks */ = {
			isa = PBXFrameworksBuildPhase;
			buildActionMask = 2147483647;
			files = (
				DAA33073175DC0DC00DEB48A /* UIKit.framework in Frameworks */,
				DAA33075175DC0DC00DEB48A /* Foundation.framework in Frameworks */,
				DAA33077175DC0DC00DEB48A /* CoreGraphics.framework in Frameworks */,
			);
			runOnlyForDeploymentPostprocessing = 0;
		};
/* End PBXFrameworksBuildPhase section */

/* Begin PBXGroup section */
		DAA33066175DC0DC00DEB48A = {
			isa = PBXGroup;
			children = (
				DAA33078175DC0DC00DEB48A /* timetravel */,
				DAA33071175DC0DC00DEB48A /* Frameworks */,
				DAA33070175DC0DC00DEB48A /* Products */,
			);
			sourceTree = "<group>";
		};
		DAA33070175DC0DC00DEB48A /* Products */ = {
			isa = PBXGroup;
			children = (
				DAA3306F175DC0DC00DEB48A /* timetravel.app */,
			);
			name = Products;
			sourceTree = "<group>";
		};
		DAA33071175DC0DC00DEB48A /* Frameworks */ = {
			isa = PBXGroup;
			children = (
				DAA33072175DC0DC00DEB48A /* UIKit.framework */,
				DAA33074175DC0DC00DEB48A /* Foundation.framework */,
				DAA33076175DC0DC00DEB48A /* CoreGraphics.framework */,
			);
			name = Frameworks;
			sourceTree = "<group>";
		};
		DAA33078175DC0DC00DEB48A /* timetravel */ = {
			isa = PBXGroup;
			children = (
				DAA33081175DC0DC00DEB48A /* AppDelegate.h */,
				DAA33082175DC0DC00DEB48A /* AppDelegate.m */,
				DAA3308A175DC0DD00DEB48A /* MasterViewController.h */,
				DAA3308B175DC0DD00DEB48A /* MasterViewController.m */,
				DAA3308D175DC0DD00DEB48A /* DetailViewController.h */,
				DAA3308E175DC0DD00DEB48A /* DetailViewController.m */,
				DAA33090175DC0DD00DEB48A /* MasterViewController.xib */,
				DAA33093175DC0DD00DEB48A /* DetailViewController.xib */,
				DAA33079175DC0DC00DEB48A /* Supporting Files */,
				DAA330A1175DCD5B00DEB48A /* Vegetable.h */,
				DAA330A2175DCD5B00DEB48A /* Vegetable.m */,
			);
			path = timetravel;
			sourceTree = "<group>";
		};
		DAA33079175DC0DC00DEB48A /* Supporting Files */ = {
			isa = PBXGroup;
			children = (
				DAA3307A175DC0DC00DEB48A /* timetravel-Info.plist */,
				DAA3307B175DC0DC00DEB48A /* InfoPlist.strings */,
				DAA3307E175DC0DC00DEB48A /* main.m */,
				DAA33080175DC0DC00DEB48A /* timetravel-Prefix.pch */,
				DAA33084175DC0DC00DEB48A /* Default.png */,
				DAA33086175DC0DD00DEB48A /* Default@2x.png */,
				DAA33088175DC0DD00DEB48A /* Default-568h@2x.png */,
			);
			name = "Supporting Files";
			sourceTree = "<group>";
		};
/* End PBXGroup section */

/* Begin PBXNativeTarget section */
		DAA3306E175DC0DC00DEB48A /* timetravel */ = {
			isa = PBXNativeTarget;
			buildConfigurationList = DAA33098175DC0DD00DEB48A /* Build configuration list for PBXNativeTarget "timetravel" */;
			buildPhases = (
				DAA3306B175DC0DC00DEB48A /* Sources */,
				DAA3306C175DC0DC00DEB48A /* Frameworks */,
				DAA3306D175DC0DC00DEB48A /* Resources */,
			);
			buildRules = (
			);
			dependencies = (
			);
			name = timetravel;
			productName = timetravel;
			productReference = DAA3306F175DC0DC00DEB48A /* timetravel.app */;
			productType = "com.apple.product-type.application";
		};
/* End PBXNativeTarget section */

/* Begin PBXProject section */
		DAA33067175DC0DC00DEB48A /* Project object */ = {
			isa = PBXProject;
			attributes = {
				LastUpgradeCheck = 0460;
				ORGANIZATIONNAME = NBS;
			};
			buildConfigurationList = DAA3306A175DC0DC00DEB48A /* Build configuration list for PBXProject "timetravel" */;
			compatibilityVersion = "Xcode 3.2";
			developmentRegion = English;
			hasScannedForEncodings = 0;
			knownRegions = (
				en,
			);
			mainGroup = DAA33066175DC0DC00DEB48A;
			productRefGroup = DAA33070175DC0DC00DEB48A /* Products */;
			projectDirPath = "";
			projectRoot = "";
			targets = (
				DAA3306E175DC0DC00DEB48A /* timetravel */,
			);
		};
/* End PBXProject section */

/* Begin PBXResourcesBuildPhase section */
		DAA3306D175DC0DC00DEB48A /* Resources */ = {
			isa = PBXResourcesBuildPhase;
			buildActionMask = 2147483647;
			files = (
				DAA3307D175DC0DC00DEB48A /* InfoPlist.strings in Resources */,
				DAA33085175DC0DD00DEB48A /* Default.png in Resources */,
				DAA33087175DC0DD00DEB48A /* Default@2x.png in Resources */,
				DAA33089175DC0DD00DEB48A /* Default-568h@2x.png in Resources */,
				DAA33092175DC0DD00DEB48A /* MasterViewController.xib in Resources */,
				DAA33095175DC0DD00DEB48A /* DetailViewController.xib in Resources */,
			);
			runOnlyForDeploymentPostprocessing = 0;
		};
/* End PBXResourcesBuildPhase section */

/* Begin PBXSourcesBuildPhase section */
		DAA3306B175DC0DC00DEB48A /* Sources */ = {
			isa = PBXSourcesBuildPhase;
			buildActionMask = 2147483647;
			files = (
				DAA3307F175DC0DC00DEB48A /* main.m in Sources */,
				DAA33083175DC0DC00DEB48A /* AppDelegate.m in Sources */,
				DAA3308C175DC0DD00DEB48A /* MasterViewController.m in Sources */,
				DAA3308F175DC0DD00DEB48A /* DetailViewController.m in Sources */,
				DAA330A3175DCD5B00DEB48A /* Vegetable.m in Sources */,
			);
			runOnlyForDeploymentPostprocessing = 0;
		};
/* End PBXSourcesBuildPhase section */

/* Begin PBXVariantGroup section */
		DAA3307B175DC0DC00DEB48A /* InfoPlist.strings */ = {
			isa = PBXVariantGroup;
			children = (
				DAA3307C175DC0DC00DEB48A /* en */,
			);
			name = InfoPlist.strings;
			sourceTree = "<group>";
		};
		DAA33090175DC0DD00DEB48A /* MasterViewController.xib */ = {
			isa = PBXVariantGroup;
			children = (
				DAA33091175DC0DD00DEB48A /* en */,
			);
			name = MasterViewController.xib;
			sourceTree = "<group>";
		};
		DAA33093175DC0DD00DEB48A /* DetailViewController.xib */ = {
			isa = PBXVariantGroup;
			children = (
				DAA33094175DC0DD00DEB48A /* en */,
			);
			name = DetailViewController.xib;
			sourceTree = "<group>";
		};
/* End PBXVariantGroup section */

/* Begin XCBuildConfiguration section */
		DAA33096175DC0DD00DEB48A /* Debug */ = {
			isa = XCBuildConfiguration;
			buildSettings = {
				ALWAYS_SEARCH_USER_PATHS = NO;
				CLANG_CXX_LANGUAGE_STANDARD = "gnu++0x";
				CLANG_CXX_LIBRARY = "libc++";
				CLANG_WARN_CONSTANT_CONVERSION = YES;
				CLANG_WARN_EMPTY_BODY = YES;
				CLANG_WARN_ENUM_CONVERSION = YES;
				CLANG_WARN_INT_CONVERSION = YES;
				CLANG_WARN__DUPLICATE_METHOD_MATCH = YES;
				"CODE_SIGN_IDENTITY[sdk=iphoneos*]" = "iPhone Developer";
				COPY_PHASE_STRIP = NO;
				GCC_C_LANGUAGE_STANDARD = gnu99;
				GCC_DYNAMIC_NO_PIC = NO;
				GCC_OPTIMIZATION_LEVEL = 0;
				GCC_PREPROCESSOR_DEFINITIONS = (
					"DEBUG=1",
					"$(inherited)",
				);
				GCC_SYMBOLS_PRIVATE_EXTERN = NO;
				GCC_WARN_ABOUT_RETURN_TYPE = YES;
				GCC_WARN_UNINITIALIZED_AUTOS = YES;
				GCC_WARN_UNUSED_VARIABLE = YES;
				IPHONEOS_DEPLOYMENT_TARGET = 6.1;
				ONLY_ACTIVE_ARCH = YES;
				SDKROOT = iphoneos;
			};
			name = Debug;
		};
		DAA33097175DC0DD00DEB48A /* Release */ = {
			isa = XCBuildConfiguration;
			buildSettings = {
				ALWAYS_SEARCH_USER_PATHS = NO;
				CLANG_CXX_LANGUAGE_STANDARD = "gnu++0x";
				CLANG_CXX_LIBRARY = "libc++";
				CLANG_WARN_CONSTANT_CONVERSION = YES;
				CLANG_WARN_EMPTY_BODY = YES;
				CLANG_WARN_ENUM_CONVERSION = YES;
				CLANG_WARN_INT_CONVERSION = YES;
				CLANG_WARN__DUPLICATE_METHOD_MATCH = YES;
				"CODE_SIGN_IDENTITY[sdk=iphoneos*]" = "iPhone Developer";
				COPY_PHASE_STRIP = YES;
				GCC_C_LANGUAGE_STANDARD = gnu99;
				GCC_WARN_ABOUT_RETURN_TYPE = YES;
				GCC_WARN_UNINITIALIZED_AUTOS = YES;
				GCC_WARN_UNUSED_VARIABLE = YES;
				IPHONEOS_DEPLOYMENT_TARGET = 6.1;
				OTHER_CFLAGS = "-DNS_BLOCK_ASSERTIONS=1";
				SDKROOT = iphoneos;
				VALIDATE_PRODUCT = YES;
			};
			name = Release;
		};
		DAA33099175DC0DD00DEB48A /* Debug */ = {
			isa = XCBuildConfiguration;
			buildSettings = {
				GCC_PRECOMPILE_PREFIX_HEADER = YES;
				GCC_PREFIX_HEADER = "timetravel/timetravel-Prefix.pch";
				INFOPLIST_FILE = "timetravel/timetravel-Info.plist";
				PRODUCT_NAME = "$(TARGET_NAME)";
				WRAPPER_EXTENSION = app;
			};
			name = Debug;
		};
		DAA3309A175DC0DD00DEB48A /* Release */ = {
			isa = XCBuildConfiguration;
			buildSettings = {
				GCC_PRECOMPILE_PREFIX_HEADER = YES;
				GCC_PREFIX_HEADER = "timetravel/timetravel-Prefix.pch";
				INFOPLIST_FILE = "timetravel/timetravel-Info.plist";
				PRODUCT_NAME = "$(TARGET_NAME)";
				WRAPPER_EXTENSION = app;
			};
			name = Release;
		};
/* End XCBuildConfiguration section */

/* Begin XCConfigurationList section */
		DAA3306A175DC0DC00DEB48A /* Build configuration list for PBXProject "timetravel" */ = {
			isa = XCConfigurationList;
			buildConfigurations = (
				DAA33096175DC0DD00DEB48A /* Debug */,
				DAA33097175DC0DD00DEB48A /* Release */,
			);
			defaultConfigurationIsVisible = 0;
			defaultConfigurationName = Release;
		};
		DAA33098175DC0DD00DEB48A /* Build configuration list for PBXNativeTarget "timetravel" */ = {
			isa = XCConfigurationList;
			buildConfigurations = (
				DAA33099175DC0DD00DEB48A /* Debug */,
				DAA3309A175DC0DD00DEB48A /* Release */,
			);
			defaultConfigurationIsVisible = 0;
			defaultConfigurationName = Release;
		};
/* End XCConfigurationList section */
	};
	rootObject = DAA33067175DC0DC00DEB48A /* Project object */;
}
